
Microsoft Visual Studio Solution File, Format Version 12.00
# Visual Studio Version 17
VisualStudioVersion = 17.5.33516.290
MinimumVisualStudioVersion = 10.0.40219.1
Project("{9A19103F-16F7-4668-BE54-9A1E7A4F7556}") = "BulkyBookWeb", "BulkyBookWeb.csproj", "{2436BE9B-AB96-4232-950E-E05A0283DE72}"
EndProject
Project("{9A19103F-16F7-4668-BE54-9A1E7A4F7556}") = "Bulky.DataAccess", "..\Bulky.DataAccess\Bulky.DataAccess.csproj", "{42EF481F-EF56-454C-909D-5E83DEC8D47B}"
EndProject
Project("{9A19103F-16F7-4668-BE54-9A1E7A4F7556}") = "Bulky.Models", "..\Bulky.Models\Bulky.Models.csproj", "{5AF32B99-253F-4774-BFEA-2C34E37297D7}"
EndProject
Project("{9A19103F-16F7-4668-BE54-9A1E7A4F7556}") = "Bulky.Utilities", "..\Bulky.Utilities\Bulky.Utilities.csproj", "{F9BC02C4-1398-49BD-B06B-5D903E1764B3}"
EndProject
Global
	GlobalSection(SolutionConfigurationPlatforms) = preSolution
		Debug|Any CPU = Debug|Any CPU
		Release|Any CPU = Release|Any CPU
	EndGlobalSection
	GlobalSection(ProjectConfigurationPlatforms) = postSolution
		{2436BE9B-AB96-4232-950E-E05A0283DE72}.Debug|Any CPU.ActiveCfg = Debug|Any CPU
		{2436BE9B-AB96-4232-950E-E05A0283DE72}.Debug|Any CPU.Build.0 = Debug|Any CPU
		{2436BE9B-AB96-4232-950E-E05A0283DE72}.Release|Any CPU.ActiveCfg = Release|Any CPU
		{2436BE9B-AB96-4232-950E-E05A0283DE72}.Release|Any CPU.Build.0 = Release|Any CPU
		{42EF481F-EF56-454C-909D-5E83DEC8D47B}.Debug|Any CPU.ActiveCfg = Debug|Any CPU
		{42EF481F-EF56-454C-909D-5E83DEC8D47B}.Debug|Any CPU.Build.0 = Debug|Any CPU
		{42EF481F-EF56-454C-909D-5E83DEC8D47B}.Release|Any CPU.ActiveCfg = Release|Any CPU
		{42EF481F-EF56-454C-909D-5E83DEC8D47B}.Release|Any CPU.Build.0 = Release|Any CPU
		{5AF32B99-253F-4774-BFEA-2C34E37297D7}.Debug|Any CPU.ActiveCfg = Debug|Any CPU
		{5AF32B99-253F-4774-BFEA-2C34E37297D7}.Debug|Any CPU.Build.0 = Debug|Any CPU
		{5AF32B99-253F-4774-BFEA-2C34E37297D7}.Release|Any CPU.ActiveCfg = Release|Any CPU
		{5AF32B99-253F-4774-BFEA-2C34E37297D7}.Release|Any CPU.Build.0 = Release|Any CPU
		{F9BC02C4-1398-49BD-B06B-5D903E1764B3}.Debug|Any CPU.ActiveCfg = Debug|Any CPU
		{F9BC02C4-1398-49BD-B06B-5D903E1764B3}.Debug|Any CPU.Build.0 = Debug|Any CPU
		{F9BC02C4-1398-49BD-B06B-5D903E1764B3}.Release|Any CPU.ActiveCfg = Release|Any CPU
		{F9BC02C4-1398-49BD-B06B-5D903E1764B3}.Release|Any CPU.Build.0 = Release|Any CPU
	EndGlobalSection
	GlobalSection(SolutionProperties) = preSolution
		HideSolutionNode = FALSE
	EndGlobalSection
	GlobalSection(ExtensibilityGlobals) = postSolution
		SolutionGuid = {4CD2ECFB-F0C5-4706-88F9-5CD56F970468}
	EndGlobalSection
EndGlobal
